
Microsoft Visual Studio Solution File, Format Version 12.00
# Visual Studio Version 16
VisualStudioVersion = 16.0.30114.105
MinimumVisualStudioVersion = 10.0.40219.1
Project("{FAE04EC0-301F-11D3-BF4B-00C04F79EFBC}") = "TodoApi", "src\TodoApi\TodoApi.csproj", "{81D904F7-3D90-4F50-8247-13AF45645671}"
EndProject
Project("{FAE04EC0-301F-11D3-BF4B-00C04F79EFBC}") = "TodoApi.IntregationTests", "TodoApi.IntregationTests\TodoApi.IntregationTests.csproj", "{47F5FCB9-E34F-4577-8632-D26B242529AF}"
EndProject
Project("{FAE04EC0-301F-11D3-BF4B-00C04F79EFBC}") = "EchoApi", "src\EchoApi\EchoApi.csproj", "{30B006BB-1DC9-40D0-926E-FFF4252B7A22}"
EndProject
Project("{FAE04EC0-301F-11D3-BF4B-00C04F79EFBC}") = "EchoApi.IntegrationTests", "EchoApi.IntegrationTests\EchoApi.IntegrationTests.csproj", "{F6009012-50D8-4351-B7CA-65BA6A60671B}"
EndProject
Global
	GlobalSection(SolutionConfigurationPlatforms) = preSolution
		Debug|Any CPU = Debug|Any CPU
		Release|Any CPU = Release|Any CPU
	EndGlobalSection
	GlobalSection(SolutionProperties) = preSolution
		HideSolutionNode = FALSE
	EndGlobalSection
	GlobalSection(ProjectConfigurationPlatforms) = postSolution
		{81D904F7-3D90-4F50-8247-13AF45645671}.Debug|Any CPU.ActiveCfg = Debug|Any CPU
		{81D904F7-3D90-4F50-8247-13AF45645671}.Debug|Any CPU.Build.0 = Debug|Any CPU
		{81D904F7-3D90-4F50-8247-13AF45645671}.Release|Any CPU.ActiveCfg = Release|Any CPU
		{81D904F7-3D90-4F50-8247-13AF45645671}.Release|Any CPU.Build.0 = Release|Any CPU
		{47F5FCB9-E34F-4577-8632-D26B242529AF}.Debug|Any CPU.ActiveCfg = Debug|Any CPU
		{47F5FCB9-E34F-4577-8632-D26B242529AF}.Debug|Any CPU.Build.0 = Debug|Any CPU
		{47F5FCB9-E34F-4577-8632-D26B242529AF}.Release|Any CPU.ActiveCfg = Release|Any CPU
		{47F5FCB9-E34F-4577-8632-D26B242529AF}.Release|Any CPU.Build.0 = Release|Any CPU
		{30B006BB-1DC9-40D0-926E-FFF4252B7A22}.Debug|Any CPU.ActiveCfg = Debug|Any CPU
		{30B006BB-1DC9-40D0-926E-FFF4252B7A22}.Debug|Any CPU.Build.0 = Debug|Any CPU
		{30B006BB-1DC9-40D0-926E-FFF4252B7A22}.Release|Any CPU.ActiveCfg = Release|Any CPU
		{30B006BB-1DC9-40D0-926E-FFF4252B7A22}.Release|Any CPU.Build.0 = Release|Any CPU
		{F6009012-50D8-4351-B7CA-65BA6A60671B}.Debug|Any CPU.ActiveCfg = Debug|Any CPU
		{F6009012-50D8-4351-B7CA-65BA6A60671B}.Debug|Any CPU.Build.0 = Debug|Any CPU
		{F6009012-50D8-4351-B7CA-65BA6A60671B}.Release|Any CPU.ActiveCfg = Release|Any CPU
		{F6009012-50D8-4351-B7CA-65BA6A60671B}.Release|Any CPU.Build.0 = Release|Any CPU
	EndGlobalSection
EndGlobal
